
Microsoft Visual Studio Solution File, Format Version 12.00
# Visual Studio Version 16
VisualStudioVersion = 16.0.30503.244
MinimumVisualStudioVersion = 10.0.40219.1
Project("{FAE04EC0-301F-11D3-BF4B-00C04F79EFBC}") = "DbDocjc", "DbDocjc.csproj", "{3D101D42-8AA2-4849-8708-8E73A098D996}"
EndProject
Global
	GlobalSection(SolutionConfigurationPlatforms) = preSolution
		Debug|Any CPU = Debug|Any CPU
		Release|Any CPU = Release|Any CPU
	EndGlobalSection
	GlobalSection(ProjectConfigurationPlatforms) = postSolution
		{3D101D42-8AA2-4849-8708-8E73A098D996}.Debug|Any CPU.ActiveCfg = Debug|Any CPU
		{3D101D42-8AA2-4849-8708-8E73A098D996}.Debug|Any CPU.Build.0 = Debug|Any CPU
		{3D101D42-8AA2-4849-8708-8E73A098D996}.Release|Any CPU.ActiveCfg = Release|Any CPU
		{3D101D42-8AA2-4849-8708-8E73A098D996}.Release|Any CPU.Build.0 = Release|Any CPU
	EndGlobalSection
	GlobalSection(SolutionProperties) = preSolution
		HideSolutionNode = FALSE
	EndGlobalSection
	GlobalSection(ExtensibilityGlobals) = postSolution
		SolutionGuid = {E241AE8B-3B9E-4DAB-91DA-D232BEE8F028}
	EndGlobalSection
EndGlobal
